{
    "_meta": {
        "hash": {
            "sha256": "e2a5e1f45904c0d325f96fe40b6b8e3305658822dccc723af6303af35315fda5"
        },
        "pipfile-spec": 6,
        "requires": {
            "python_version": "3.9"
        },
        "sources": [
            {
                "name": "pypi",
                "url": "https://pypi.org/simple",
                "verify_ssl": true
            }
        ]
    },
    "default": {
        "async-timeout": {
            "hashes": [
                "sha256:4640d96be84d82d02ed59ea2b7105a0f7b33abe8703703cd0ab0bf87c427522f",
                "sha256:7405140ff1230c310e51dc27b3145b9092d659ce68ff733fb0cefe3ee42be028"
            ],
            "markers": "python_version < '3.11'",
            "version": "==4.0.3"
        },
        "casttube": {
            "hashes": [
                "sha256:36f118007f9eead3959cf30de03c1640b53a263569ff2a3971c0521826c835b2",
                "sha256:54d2af8c7949aa9c5db87fb11ef0a478a5d3e7ac6d2d2ac8dd1711e3a516fc82"
            ],
            "version": "==0.2.1"
        },
        "certifi": {
            "hashes": [
                "sha256:539cc1d13202e33ca466e88b2807e29f4c13049d6d87031a3c110744495cb082",
                "sha256:92d6037539857d8206b8f6ae472e8b77db8058fec5937a1ef3f54304089edbb9"
            ],
            "markers": "python_version >= '3.6'",
            "version": "==2023.7.22"
        },
        "charset-normalizer": {
            "hashes": [
                "sha256:04e57ab9fbf9607b77f7d057974694b4f6b142da9ed4a199859d9d4d5c63fe96",
                "sha256:09393e1b2a9461950b1c9a45d5fd251dc7c6f228acab64da1c9c0165d9c7765c",
                "sha256:0b87549028f680ca955556e3bd57013ab47474c3124dc069faa0b6545b6c9710",
                "sha256:1000fba1057b92a65daec275aec30586c3de2401ccdcd41f8a5c1e2c87078706",
                "sha256:1249cbbf3d3b04902ff081ffbb33ce3377fa6e4c7356f759f3cd076cc138d020",
                "sha256:1920d4ff15ce893210c1f0c0e9d19bfbecb7983c76b33f046c13a8ffbd570252",
                "sha256:193cbc708ea3aca45e7221ae58f0fd63f933753a9bfb498a3b474878f12caaad",
                "sha256:1a100c6d595a7f316f1b6f01d20815d916e75ff98c27a01ae817439ea7726329",
                "sha256:1f30b48dd7fa1474554b0b0f3fdfdd4c13b5c737a3c6284d3cdc424ec0ffff3a",
                "sha256:203f0c8871d5a7987be20c72442488a0b8cfd0f43b7973771640fc593f56321f",
                "sha256:246de67b99b6851627d945db38147d1b209a899311b1305dd84916f2b88526c6",
                "sha256:2dee8e57f052ef5353cf608e0b4c871aee320dd1b87d351c28764fc0ca55f9f4",
                "sha256:2efb1bd13885392adfda4614c33d3b68dee4921fd0ac1d3988f8cbb7d589e72a",
                "sha256:2f4ac36d8e2b4cc1aa71df3dd84ff8efbe3bfb97ac41242fbcfc053c67434f46",
                "sha256:3170c9399da12c9dc66366e9d14da8bf7147e1e9d9ea566067bbce7bb74bd9c2",
                "sha256:3b1613dd5aee995ec6d4c69f00378bbd07614702a315a2cf6c1d21461fe17c23",
                "sha256:3bb3d25a8e6c0aedd251753a79ae98a093c7e7b471faa3aa9a93a81431987ace",
                "sha256:3bb7fda7260735efe66d5107fb7e6af6a7c04c7fce9b2514e04b7a74b06bf5dd",
                "sha256:41b25eaa7d15909cf3ac4c96088c1f266a9a93ec44f87f1d13d4a0e86c81b982",
                "sha256:45de3f87179c1823e6d9e32156fb14c1927fcc9aba21433f088fdfb555b77c10",
                "sha256:46fb8c61d794b78ec7134a715a3e564aafc8f6b5e338417cb19fe9f57a5a9bf2",
                "sha256:48021783bdf96e3d6de03a6e39a1171ed5bd7e8bb93fc84cc649d11490f87cea",
                "sha256:4957669ef390f0e6719db3613ab3a7631e68424604a7b448f079bee145da6e09",
                "sha256:5e86d77b090dbddbe78867a0275cb4df08ea195e660f1f7f13435a4649e954e5",
                "sha256:6339d047dab2780cc6220f46306628e04d9750f02f983ddb37439ca47ced7149",
                "sha256:681eb3d7e02e3c3655d1b16059fbfb605ac464c834a0c629048a30fad2b27489",
                "sha256:6c409c0deba34f147f77efaa67b8e4bb83d2f11c8806405f76397ae5b8c0d1c9",
                "sha256:7095f6fbfaa55defb6b733cfeb14efaae7a29f0b59d8cf213be4e7ca0b857b80",
                "sha256:70c610f6cbe4b9fce272c407dd9d07e33e6bf7b4aa1b7ffb6f6ded8e634e3592",
                "sha256:72814c01533f51d68702802d74f77ea026b5ec52793c791e2da806a3844a46c3",
                "sha256:7a4826ad2bd6b07ca615c74ab91f32f6c96d08f6fcc3902ceeedaec8cdc3bcd6",
                "sha256:7c70087bfee18a42b4040bb9ec1ca15a08242cf5867c58726530bdf3945672ed",
                "sha256:855eafa5d5a2034b4621c74925d89c5efef61418570e5ef9b37717d9c796419c",
                "sha256:8700f06d0ce6f128de3ccdbc1acaea1ee264d2caa9ca05daaf492fde7c2a7200",
                "sha256:89f1b185a01fe560bc8ae5f619e924407efca2191b56ce749ec84982fc59a32a",
                "sha256:8b2c760cfc7042b27ebdb4a43a4453bd829a5742503599144d54a032c5dc7e9e",
                "sha256:8c2f5e83493748286002f9369f3e6607c565a6a90425a3a1fef5ae32a36d749d",
                "sha256:8e098148dd37b4ce3baca71fb394c81dc5d9c7728c95df695d2dca218edf40e6",
                "sha256:94aea8eff76ee6d1cdacb07dd2123a68283cb5569e0250feab1240058f53b623",
                "sha256:95eb302ff792e12aba9a8b8f8474ab229a83c103d74a750ec0bd1c1eea32e669",
                "sha256:9bd9b3b31adcb054116447ea22caa61a285d92e94d710aa5ec97992ff5eb7cf3",
                "sha256:9e608aafdb55eb9f255034709e20d5a83b6d60c054df0802fa9c9883d0a937aa",
                "sha256:a103b3a7069b62f5d4890ae1b8f0597618f628b286b03d4bc9195230b154bfa9",
                "sha256:a386ebe437176aab38c041de1260cd3ea459c6ce5263594399880bbc398225b2",
                "sha256:a38856a971c602f98472050165cea2cdc97709240373041b69030be15047691f",
                "sha256:a401b4598e5d3f4a9a811f3daf42ee2291790c7f9d74b18d75d6e21dda98a1a1",
                "sha256:a7647ebdfb9682b7bb97e2a5e7cb6ae735b1c25008a70b906aecca294ee96cf4",
                "sha256:aaf63899c94de41fe3cf934601b0f7ccb6b428c6e4eeb80da72c58eab077b19a",
                "sha256:b0dac0ff919ba34d4df1b6131f59ce95b08b9065233446be7e459f95554c0dc8",
                "sha256:baacc6aee0b2ef6f3d308e197b5d7a81c0e70b06beae1f1fcacffdbd124fe0e3",
                "sha256:bf420121d4c8dce6b889f0e8e4ec0ca34b7f40186203f06a946fa0276ba54029",
                "sha256:c04a46716adde8d927adb9457bbe39cf473e1e2c2f5d0a16ceb837e5d841ad4f",
                "sha256:c0b21078a4b56965e2b12f247467b234734491897e99c1d51cee628da9786959",
                "sha256:c1c76a1743432b4b60ab3358c937a3fe1341c828ae6194108a94c69028247f22",
                "sha256:c4983bf937209c57240cff65906b18bb35e64ae872da6a0db937d7b4af845dd7",
                "sha256:c4fb39a81950ec280984b3a44f5bd12819953dc5fa3a7e6fa7a80db5ee853952",
                "sha256:c57921cda3a80d0f2b8aec7e25c8aa14479ea92b5b51b6876d975d925a2ea346",
                "sha256:c8063cf17b19661471ecbdb3df1c84f24ad2e389e326ccaf89e3fb2484d8dd7e",
                "sha256:ccd16eb18a849fd8dcb23e23380e2f0a354e8daa0c984b8a732d9cfaba3a776d",
                "sha256:cd6dbe0238f7743d0efe563ab46294f54f9bc8f4b9bcf57c3c666cc5bc9d1299",
                "sha256:d62e51710986674142526ab9f78663ca2b0726066ae26b78b22e0f5e571238dd",
                "sha256:db901e2ac34c931d73054d9797383d0f8009991e723dab15109740a63e7f902a",
                "sha256:e03b8895a6990c9ab2cdcd0f2fe44088ca1c65ae592b8f795c3294af00a461c3",
                "sha256:e1c8a2f4c69e08e89632defbfabec2feb8a8d99edc9f89ce33c4b9e36ab63037",
                "sha256:e4b749b9cc6ee664a3300bb3a273c1ca8068c46be705b6c31cf5d276f8628a94",
                "sha256:e6a5bf2cba5ae1bb80b154ed68a3cfa2fa00fde979a7f50d6598d3e17d9ac20c",
                "sha256:e857a2232ba53ae940d3456f7533ce6ca98b81917d47adc3c7fd55dad8fab858",
                "sha256:ee4006268ed33370957f55bf2e6f4d263eaf4dc3cfc473d1d90baff6ed36ce4a",
                "sha256:eef9df1eefada2c09a5e7a40991b9fc6ac6ef20b1372abd48d2794a316dc0449",
                "sha256:f058f6963fd82eb143c692cecdc89e075fa0828db2e5b291070485390b2f1c9c",
                "sha256:f25c229a6ba38a35ae6e25ca1264621cc25d4d38dca2942a7fce0b67a4efe918",
                "sha256:f2a1d0fd4242bd8643ce6f98927cf9c04540af6efa92323e9d3124f57727bfc1",
                "sha256:f7560358a6811e52e9c4d142d497f1a6e10103d3a6881f18d04dbce3729c0e2c",
                "sha256:f779d3ad205f108d14e99bb3859aa7dd8e9c68874617c72354d7ecaec2a054ac",
                "sha256:f87f746ee241d30d6ed93969de31e5ffd09a2961a051e60ae6bddde9ec3583aa"
            ],
            "markers": "python_full_version >= '3.7.0'",
            "version": "==3.2.0"
        },
        "idna": {
            "hashes": [
                "sha256:814f528e8dead7d329833b91c5faa87d60bf71824cd12a7530b5526063d02cb4",
                "sha256:90b77e79eaa3eba6de819a0c442c0b4ceefc341a7a2ab77d7562bf49f425c5c2"
            ],
            "markers": "python_version >= '3.5'",
            "version": "==3.4"
        },
        "ifaddr": {
            "hashes": [
                "sha256:085e0305cfe6f16ab12d72e2024030f5d52674afad6911bb1eee207177b8a748",
                "sha256:cc0cbfcaabf765d44595825fb96a99bb12c79716b73b44330ea38ee2b0c4aed4"
            ],
            "version": "==0.2.0"
        },
        "protobuf": {
            "hashes": [
                "sha256:237b9a50bd3b7307d0d834c1b0eb1a6cd47d3f4c2da840802cd03ea288ae8880",
                "sha256:25ae91d21e3ce8d874211110c2f7edd6384816fb44e06b2867afe35139e1fd1c",
                "sha256:2b23bd6e06445699b12f525f3e92a916f2dcf45ffba441026357dea7fa46f42b",
                "sha256:3b7b170d3491ceed33f723bbf2d5a260f8a4e23843799a3906f16ef736ef251e",
                "sha256:4e69965e7e54de4db989289a9b971a099e626f6167a9351e9d112221fc691bc1",
                "sha256:58e12d2c1aa428ece2281cef09bbaa6938b083bcda606db3da4e02e991a0d924",
                "sha256:6bd26c1fa9038b26c5c044ee77e0ecb18463e957fefbaeb81a3feb419313a54e",
                "sha256:77700b55ba41144fc64828e02afb41901b42497b8217b558e4a001f18a85f2e3",
                "sha256:7fda70797ddec31ddfa3576cbdcc3ddbb6b3078b737a1a87ab9136af0570cd6e",
                "sha256:839952e759fc40b5d46be319a265cf94920174d88de31657d5622b5d8d6be5cd",
                "sha256:bb7aa97c252279da65584af0456f802bd4b2de429eb945bbc9b3d61a42a8cd16",
                "sha256:c00c3c7eb9ad3833806e21e86dca448f46035242a680f81c3fe068ff65e79c74",
                "sha256:c5cdd486af081bf752225b26809d2d0a85e575b80a84cde5172a05bbb1990099"
            ],
            "markers": "python_version >= '3.7'",
            "version": "==4.24.2"
        },
        "pychromecast": {
            "hashes": [
                "sha256:0de98e9e5be43269dd41efb16126ab0d5ba941ca4acae024329712851c0c0324",
                "sha256:2327f1a2c3902e7be901f43dc97e65aeebb42f0d0a8b2c29f55453c6cacc3bd0"
            ],
            "index": "pypi",
            "version": "==13.0.7"
        },
        "requests": {
            "hashes": [
                "sha256:58cd2187c01e70e6e26505bca751777aa9f2ee0b7f4300988b709f44e013003f",
                "sha256:942c5a758f98d790eaed1a29cb6eefc7ffb0d1cf7af05c3d2791656dbd6ad1e1"
            ],
            "index": "pypi",
            "markers": "python_version >= '3.7'",
            "version": "==2.31.0"
        },
        "urllib3": {
            "hashes": [
                "sha256:8d22f86aae8ef5e410d4f539fde9ce6b2113a001bb4d189e0aed70642d602b11",
                "sha256:de7df1803967d2c2a98e4b11bb7d6bd9210474c46e8a0401514e3a42a75ebde4"
            ],
            "markers": "python_version >= '3.7'",
            "version": "==2.0.4"
        },
        "zeroconf": {
            "hashes": [
                "sha256:0352d4b480d0050c44726d059726fb9bec0af1656273fa5dd34b83ef189f411d",
                "sha256:03f57527a61f24de3e1d7a4986005ae7a7ec9abb421f0181d3852145700e8bed",
                "sha256:0f0dd11d100a03dd09ddafd9d37f1319c42de27069aaf98c0e9c34c471a46298",
                "sha256:122aca48e2875d16191f7aeec34f8e150f44562d2409562d129039ce28d32525",
                "sha256:1684ab6183cba044ee95fe0811a7447b6d902986410f3446f17c4e8f34bd0f44",
                "sha256:1805915fb9082a1a165518dbd6980a465c50d7ed67bf2cb1ef9478be2c56ca26",
                "sha256:19e37fabc215a46f5d4a10e8e16631f01a5749c1963e9bf43d3ddbc9c12eb643",
                "sha256:1ad13fe955a439b78bf8dc17ffec381ad6d54d4421c16648dca50b57dd5f3e83",
                "sha256:1f59c53b36247da7b193d3908346164b0beb74aa425eae0cb2b05d7bb1997ec7",
                "sha256:2803237342edc715bd9ed7654db3bac760a2a0202083bd6a1f943ac241d1dbef",
                "sha256:2a2c5f46d38b1fba52719055f8ebd02a53da0e28b99fcaca7bebd493854a07a7",
                "sha256:2b92b95b9254f44d9e0eb9236602f0bd9a8fff5441de551464ecd97e96baad13",
                "sha256:2cc9ef6f281bd269f01ed10420fd5d06c202730153902a4a2b24ac942a2b097f",
                "sha256:44c1d1833e8847fa77d45d6dc821f9f4e93021fba85e1933522f641af90fce90",
                "sha256:5097d73e4a54926c286e9af886ebc1090bd5dd588bef68035627f017e0e2f154",
                "sha256:53bfc6faf20266927663ed0197732b479d3c682567d8c67d7ac39c7935b5018f",
                "sha256:5c4c226d84faec6cb4e0b975f10bd072ae1e818e378a3b63b4ba148382d97f93",
                "sha256:5c98827440800a35602174356198cf2865712d6271e7146834da6d8e30ed3bd7",
                "sha256:6095fbd5ed98528c9745c0e53508ca4398999cfdc54fc044c5243ad595c9c66e",
                "sha256:632c428d2fdc8591ec86f0291bc95636652df2b0abcd1bfa2ac9774819548879",
                "sha256:6a013f98d50802186b7def458aff0fbbd98e185ed1da7093612525295545b301",
                "sha256:6f08b0d43d3432958df3e96e6bf5b74413363bfe6721c1b219a20131d7d61a8c",
                "sha256:748621d2c936dae0e3db17f965b1d86e1a37ebd558e4ded76ed25630bcb44de5",
                "sha256:74b46bfe69b418d99c38be4cb4522a24233d45ef75a69211c961fd7028cf9dce",
                "sha256:78972b0e2f6dc09f85199b50e1f6fe5b98ecc69f6c8b9327367e9edd0d1508b6",
                "sha256:7e54ef91b76fada2b830cfac697797b282ff918c4a907bde983f5ec53a11277f",
                "sha256:86ef0afe02025ef90f6d5c71ca229ea4ccc8587f72d1874f78b4fb518a12283d",
                "sha256:8829e529baccfa0e4a6abfc2ae3ab69c9a0a2b6f6ce40754b0a6d0f1cc157a22",
                "sha256:91b437e7a0187506c62140fed366e12b03cab4746cd3d5205ae2566f6d8336ce",
                "sha256:98fbe7976def7b4ea9832ac32f531e6ec8d0f872748c1a4f989c64713eee126f",
                "sha256:9a06cd21182250100df6c4f4e9de2a47a0ea927c7d5a0446035bb3dfcc17a647",
                "sha256:9ac7c2390ed6995da14a5fe8c369b7e3e5f2060ed650dd2f092b7ceb5da462c0",
                "sha256:a208969a6d5e72402e72b4e3458f5e10fae0307cd307ea351de733ab96eda9d9",
                "sha256:a29b96aac370da376ca144d57a6179a83e2f578638e6c501ff4ee2cce874bc97",
                "sha256:a499d8cccf51c7c136dfc18f94db19868d796e2e148744e4c7ba743094302bb3",
                "sha256:a4e5a8d2ea53ba8fc983cc028f2834227bd58edf387d80d841d93011c5fe582a",
                "sha256:a4eab5195956d96f0862052430988f4c3256d448bac7b78fff13d7e476aee0dc",
                "sha256:a73e3d2eb89c04991d98ce3a36d37a14004c69d806f519e7c50a92891607adcc",
                "sha256:a935789e688ec3a3df6ae0047515179729649d815d7ec86249f43dd5bb32f7d6",
                "sha256:b075248cd4e66d6a3bdf8fab1ed4d0f3fc76a80a1d4eb8f7f7e1e1636b96fb59",
                "sha256:b60ef34a6d91d47c9ac7f08a85947f0a71b281b21c4a36eb74846fcc2a0c36a1",
                "sha256:b688bae4f0d5f8d9acb1fd05bf37d296f1194bb65dd1df098d0592956a3f8505",
                "sha256:c146e2c76b40ee3ac46be39000dc26054106c122b365dea9f0102f0c502a729a",
                "sha256:c25f0400e9de44bd1b1eb2b3b3a7df7b1be476395232a83abb7e183aac8a6109",
                "sha256:c4190b4e8ab2b8b9874fd034544edab00f9d8e0fab83a02473f3b20356c8719e",
                "sha256:cbbc32059545a565ed161a7416bf3ca582a57e256f51cb38c8da2eac810f4b73",
                "sha256:d1fcb3904c36d8783973b4129852e4e61e8278441b3869207123943478abfc0c",
                "sha256:d69b321a3ec93a666ccaba91ddb020f1bee3b2906b2bb6551ebdedee201030e6",
                "sha256:d9c9eda8b952f9136c81b1581b18f1a30d24ef9a841690357df539194f6eec67",
                "sha256:da34de78c39ee718c1e8487c28aa0333bf20255722b6954469e73d064d514686",
                "sha256:e26475ae38ea5a5d3715f139d90286496391cdf07dc5e412dddc8beb27385a32",
                "sha256:e6a315497d0fd15ea3698964f4dfaff0c23e5e9ca7dd447357caba0bb48e22bc",
                "sha256:e72424e6d243fd8a7b73382376e382206001daf957d97094694a6f013f5d2e67",
                "sha256:eb16a8c7ac5c5ec68f960af460a83f835753e725bcb76aebd19f48ce2c942627",
                "sha256:edaabeb321e60b3a2954ea2374837adc1f2684b08ca2d396da45d8671a54b985",
                "sha256:f00ec28f0db895e089a22e52ffffd7ec175a053b7dcbebbce787ba708372c1f6",
                "sha256:f7bf0fc8bc62c00d4db853286f0322a85154ba9d9f3c60f7ebf665d959ae6dbb",
                "sha256:fac669eefc410542e2e2ec7f3ec290a30129c3a2f450e75ecbf60a5eb000edcb",
                "sha256:fdba75c73a92c00d7e7bb3d0c41e1de6f2b8adfb89b0791dc12495a2fee2ecac",
                "sha256:ffd2062f7462acabdb327c1683812b78d3d9c4e88ed9674b471c5ca58460ebc7"
            ],
            "markers": "python_version >= '3.7' and python_version < '4.0'",
            "version": "==0.97.0"
        }
    },
    "develop": {
        "autopep8": {
            "hashes": [
                "sha256:067959ca4a07b24dbd5345efa8325f5f58da4298dab0dde0443d5ed765de80cb",
                "sha256:2913064abd97b3419d1cc83ea71f042cb821f87e45b9c88cad5ad3c4ea87fe0c"
            ],
            "index": "pypi",
            "markers": "python_version >= '3.6'",
            "version": "==2.0.4"
        },
        "pycodestyle": {
            "hashes": [
                "sha256:259bcc17857d8a8b3b4a2327324b79e5f020a13c16074670f9c8c8f872ea76d0",
                "sha256:5d1013ba8dc7895b548be5afb05740ca82454fd899971563d2ef625d090326f8"
            ],
            "markers": "python_version >= '3.8'",
            "version": "==2.11.0"
        },
        "tomli": {
            "hashes": [
                "sha256:939de3e7a6161af0c887ef91b7d41a53e7c5a1ca976325f429cb46ea9bc30ecc",
                "sha256:de526c12914f0c550d15924c62d72abc48d6fe7364aa87328337a31007fe8a4f"
            ],
            "markers": "python_version < '3.11'",
            "version": "==2.0.1"
        }
    }
}
